
Microsoft Visual Studio Solution File, Format Version 12.00
# Visual Studio Version 17
VisualStudioVersion = 17.11.35312.102
MinimumVisualStudioVersion = 10.0.40219.1
Project("{FAE04EC0-301F-11D3-BF4B-00C04F79EFBC}") = "HttpStressSimple", "HttpStressSimple\HttpStressSimple.csproj", "{2BB6150E-77D6-4296-B20E-1550E51DF90B}"
EndProject
Global
	GlobalSection(SolutionConfigurationPlatforms) = preSolution
		Debug|Any CPU = Debug|Any CPU
		Release|Any CPU = Release|Any CPU
	EndGlobalSection
	GlobalSection(ProjectConfigurationPlatforms) = postSolution
		{2BB6150E-77D6-4296-B20E-1550E51DF90B}.Debug|Any CPU.ActiveCfg = Debug|Any CPU
		{2BB6150E-77D6-4296-B20E-1550E51DF90B}.Debug|Any CPU.Build.0 = Debug|Any CPU
		{2BB6150E-77D6-4296-B20E-1550E51DF90B}.Release|Any CPU.ActiveCfg = Release|Any CPU
		{2BB6150E-77D6-4296-B20E-1550E51DF90B}.Release|Any CPU.Build.0 = Release|Any CPU
	EndGlobalSection
	GlobalSection(SolutionProperties) = preSolution
		HideSolutionNode = FALSE
	EndGlobalSection
	GlobalSection(ExtensibilityGlobals) = postSolution
		SolutionGuid = {D7D9D11E-8E09-44FC-9777-7CF1B44B9933}
	EndGlobalSection
EndGlobal
